
Microsoft Visual Studio Solution File, Format Version 12.00
# Visual Studio Version 16
VisualStudioVersion = 16.0.30611.23
MinimumVisualStudioVersion = 10.0.40219.1
Project("{2150E333-8FDC-42A3-9474-1A3956D46DE8}") = "1-Presentation", "1-Presentation", "{9D75C69F-DF3C-43A2-B66D-FACF7DA849D0}"
EndProject
Project("{2150E333-8FDC-42A3-9474-1A3956D46DE8}") = "2-Application", "2-Application", "{DC44CE04-1242-4832-8500-47894C76342D}"
EndProject
Project("{2150E333-8FDC-42A3-9474-1A3956D46DE8}") = "3-Domain", "3-Domain", "{FEADE58C-B589-40A2-80C2-6AA8C50AFBA3}"
EndProject
Project("{2150E333-8FDC-42A3-9474-1A3956D46DE8}") = "4-Infra", "4-Infra", "{22B7CBB4-98A8-4384-A1FF-FFB02F4125E3}"
EndProject
Project("{2150E333-8FDC-42A3-9474-1A3956D46DE8}") = "5-Test", "5-Test", "{8C9C69AE-64E6-41FA-8C89-0B9077022940}"
EndProject
Project("{9A19103F-16F7-4668-BE54-9A1E7A4F7556}") = "Solution.Domain", "Solution.Domain\Solution.Domain.csproj", "{7EFAFF4B-901C-4B99-9124-461EFD23A3EA}"
EndProject
Project("{9A19103F-16F7-4668-BE54-9A1E7A4F7556}") = "Solution.Infra", "Solution.Infra\Solution.Infra.csproj", "{816C8A44-7DE5-4890-8392-64DC16FAC6A8}"
EndProject
Project("{9A19103F-16F7-4668-BE54-9A1E7A4F7556}") = "Solution.Infra.CrossCuting.IoC", "Solution.Infra.CrossCuting\Solution.Infra.CrossCuting.IoC.csproj", "{A83ED189-1B9C-487A-9EB0-49F86B7A33FE}"
EndProject
Project("{9A19103F-16F7-4668-BE54-9A1E7A4F7556}") = "Solution.Application", "Solution.Application\Solution.Application.csproj", "{EB7C4F2B-30BB-42B5-B38E-7C5E3CDC90B9}"
EndProject
Project("{9A19103F-16F7-4668-BE54-9A1E7A4F7556}") = "Solution.Api", "Solution.Api\Solution.Api.csproj", "{34FB2834-D3D8-4F87-AB48-252743094329}"
EndProject
Project("{9A19103F-16F7-4668-BE54-9A1E7A4F7556}") = "Solution.Domain.Core", "Solution.Domain.Core\Solution.Domain.Core.csproj", "{E3F6714F-14DE-42AB-A7A1-291A08528761}"
EndProject
Project("{9A19103F-16F7-4668-BE54-9A1E7A4F7556}") = "Solution.Infra.CrossCuting.Bus", "Solution.Infra.CrossCuting.Bus\Solution.Infra.CrossCuting.Bus.csproj", "{72DE5E7A-E04B-4C52-BBFF-C005450E2366}"
EndProject
Project("{9A19103F-16F7-4668-BE54-9A1E7A4F7556}") = "Solution.Infra.CrossCuting.Helpers", "Solution.Infra.CrossCuting.Helpers\Solution.Infra.CrossCuting.Helpers.csproj", "{CEB1D28A-6A44-4B13-8951-DFA485E0A0AB}"
EndProject
Project("{9A19103F-16F7-4668-BE54-9A1E7A4F7556}") = "Solution.Test", "Solution.Test\Solution.Test.csproj", "{E1E183D0-4897-4339-BA0C-587B2028EA53}"
EndProject
Global
	GlobalSection(SolutionConfigurationPlatforms) = preSolution
		Debug|Any CPU = Debug|Any CPU
		Release|Any CPU = Release|Any CPU
	EndGlobalSection
	GlobalSection(ProjectConfigurationPlatforms) = postSolution
		{7EFAFF4B-901C-4B99-9124-461EFD23A3EA}.Debug|Any CPU.ActiveCfg = Debug|Any CPU
		{7EFAFF4B-901C-4B99-9124-461EFD23A3EA}.Debug|Any CPU.Build.0 = Debug|Any CPU
		{7EFAFF4B-901C-4B99-9124-461EFD23A3EA}.Release|Any CPU.ActiveCfg = Release|Any CPU
		{7EFAFF4B-901C-4B99-9124-461EFD23A3EA}.Release|Any CPU.Build.0 = Release|Any CPU
		{816C8A44-7DE5-4890-8392-64DC16FAC6A8}.Debug|Any CPU.ActiveCfg = Debug|Any CPU
		{816C8A44-7DE5-4890-8392-64DC16FAC6A8}.Debug|Any CPU.Build.0 = Debug|Any CPU
		{816C8A44-7DE5-4890-8392-64DC16FAC6A8}.Release|Any CPU.ActiveCfg = Release|Any CPU
		{816C8A44-7DE5-4890-8392-64DC16FAC6A8}.Release|Any CPU.Build.0 = Release|Any CPU
		{A83ED189-1B9C-487A-9EB0-49F86B7A33FE}.Debug|Any CPU.ActiveCfg = Debug|Any CPU
		{A83ED189-1B9C-487A-9EB0-49F86B7A33FE}.Debug|Any CPU.Build.0 = Debug|Any CPU
		{A83ED189-1B9C-487A-9EB0-49F86B7A33FE}.Release|Any CPU.ActiveCfg = Release|Any CPU
		{A83ED189-1B9C-487A-9EB0-49F86B7A33FE}.Release|Any CPU.Build.0 = Release|Any CPU
		{EB7C4F2B-30BB-42B5-B38E-7C5E3CDC90B9}.Debug|Any CPU.ActiveCfg = Debug|Any CPU
		{EB7C4F2B-30BB-42B5-B38E-7C5E3CDC90B9}.Debug|Any CPU.Build.0 = Debug|Any CPU
		{EB7C4F2B-30BB-42B5-B38E-7C5E3CDC90B9}.Release|Any CPU.ActiveCfg = Release|Any CPU
		{EB7C4F2B-30BB-42B5-B38E-7C5E3CDC90B9}.Release|Any CPU.Build.0 = Release|Any CPU
		{34FB2834-D3D8-4F87-AB48-252743094329}.Debug|Any CPU.ActiveCfg = Debug|Any CPU
		{34FB2834-D3D8-4F87-AB48-252743094329}.Debug|Any CPU.Build.0 = Debug|Any CPU
		{34FB2834-D3D8-4F87-AB48-252743094329}.Release|Any CPU.ActiveCfg = Release|Any CPU
		{34FB2834-D3D8-4F87-AB48-252743094329}.Release|Any CPU.Build.0 = Release|Any CPU
		{E3F6714F-14DE-42AB-A7A1-291A08528761}.Debug|Any CPU.ActiveCfg = Debug|Any CPU
		{E3F6714F-14DE-42AB-A7A1-291A08528761}.Debug|Any CPU.Build.0 = Debug|Any CPU
		{E3F6714F-14DE-42AB-A7A1-291A08528761}.Release|Any CPU.ActiveCfg = Release|Any CPU
		{E3F6714F-14DE-42AB-A7A1-291A08528761}.Release|Any CPU.Build.0 = Release|Any CPU
		{72DE5E7A-E04B-4C52-BBFF-C005450E2366}.Debug|Any CPU.ActiveCfg = Debug|Any CPU
		{72DE5E7A-E04B-4C52-BBFF-C005450E2366}.Debug|Any CPU.Build.0 = Debug|Any CPU
		{72DE5E7A-E04B-4C52-BBFF-C005450E2366}.Release|Any CPU.ActiveCfg = Release|Any CPU
		{72DE5E7A-E04B-4C52-BBFF-C005450E2366}.Release|Any CPU.Build.0 = Release|Any CPU
		{CEB1D28A-6A44-4B13-8951-DFA485E0A0AB}.Debug|Any CPU.ActiveCfg = Debug|Any CPU
		{CEB1D28A-6A44-4B13-8951-DFA485E0A0AB}.Debug|Any CPU.Build.0 = Debug|Any CPU
		{CEB1D28A-6A44-4B13-8951-DFA485E0A0AB}.Release|Any CPU.ActiveCfg = Release|Any CPU
		{CEB1D28A-6A44-4B13-8951-DFA485E0A0AB}.Release|Any CPU.Build.0 = Release|Any CPU
		{E1E183D0-4897-4339-BA0C-587B2028EA53}.Debug|Any CPU.ActiveCfg = Debug|Any CPU
		{E1E183D0-4897-4339-BA0C-587B2028EA53}.Debug|Any CPU.Build.0 = Debug|Any CPU
		{E1E183D0-4897-4339-BA0C-587B2028EA53}.Release|Any CPU.ActiveCfg = Release|Any CPU
		{E1E183D0-4897-4339-BA0C-587B2028EA53}.Release|Any CPU.Build.0 = Release|Any CPU
	EndGlobalSection
	GlobalSection(SolutionProperties) = preSolution
		HideSolutionNode = FALSE
	EndGlobalSection
	GlobalSection(NestedProjects) = preSolution
		{7EFAFF4B-901C-4B99-9124-461EFD23A3EA} = {FEADE58C-B589-40A2-80C2-6AA8C50AFBA3}
		{816C8A44-7DE5-4890-8392-64DC16FAC6A8} = {22B7CBB4-98A8-4384-A1FF-FFB02F4125E3}
		{A83ED189-1B9C-487A-9EB0-49F86B7A33FE} = {22B7CBB4-98A8-4384-A1FF-FFB02F4125E3}
		{EB7C4F2B-30BB-42B5-B38E-7C5E3CDC90B9} = {DC44CE04-1242-4832-8500-47894C76342D}
		{34FB2834-D3D8-4F87-AB48-252743094329} = {9D75C69F-DF3C-43A2-B66D-FACF7DA849D0}
		{E3F6714F-14DE-42AB-A7A1-291A08528761} = {FEADE58C-B589-40A2-80C2-6AA8C50AFBA3}
		{72DE5E7A-E04B-4C52-BBFF-C005450E2366} = {22B7CBB4-98A8-4384-A1FF-FFB02F4125E3}
		{CEB1D28A-6A44-4B13-8951-DFA485E0A0AB} = {22B7CBB4-98A8-4384-A1FF-FFB02F4125E3}
		{E1E183D0-4897-4339-BA0C-587B2028EA53} = {8C9C69AE-64E6-41FA-8C89-0B9077022940}
	EndGlobalSection
	GlobalSection(ExtensibilityGlobals) = postSolution
		SolutionGuid = {23555413-DE08-4EC7-9ECB-EF56E08A2F3A}
	EndGlobalSection
EndGlobal
